
Microsoft Visual Studio Solution File, Format Version 12.00
# Visual Studio Version 17
VisualStudioVersion = 17.9.34701.34
MinimumVisualStudioVersion = 10.0.40219.1
Project("{9A19103F-16F7-4668-BE54-9A1E7A4F7556}") = "InstallerStudio", "InstallerStudio\InstallerStudio.csproj", "{AE7C52BB-C06C-4138-A413-726719860F77}"
EndProject
Project("{2150E333-8FDC-42A3-9474-1A3956D46DE8}") = "Solution Items", "Solution Items", "{526E4C33-B760-47A8-AE76-80E6E506047C}"
	ProjectSection(SolutionItems) = preProject
		.editorconfig = .editorconfig
		..\README.md = ..\README.md
	EndProjectSection
EndProject
Global
	GlobalSection(SolutionConfigurationPlatforms) = preSolution
		Debug|Any CPU = Debug|Any CPU
		Debug|ARM64 = Debug|ARM64
		Debug|x64 = Debug|x64
		Debug|x86 = Debug|x86
		Release|Any CPU = Release|Any CPU
		Release|ARM64 = Release|ARM64
		Release|x64 = Release|x64
		Release|x86 = Release|x86
	EndGlobalSection
	GlobalSection(ProjectConfigurationPlatforms) = postSolution
		{AE7C52BB-C06C-4138-A413-726719860F77}.Debug|Any CPU.ActiveCfg = Debug|x64
		{AE7C52BB-C06C-4138-A413-726719860F77}.Debug|Any CPU.Build.0 = Debug|x64
		{AE7C52BB-C06C-4138-A413-726719860F77}.Debug|Any CPU.Deploy.0 = Debug|x64
		{AE7C52BB-C06C-4138-A413-726719860F77}.Debug|ARM64.ActiveCfg = Debug|ARM64
		{AE7C52BB-C06C-4138-A413-726719860F77}.Debug|ARM64.Build.0 = Debug|ARM64
		{AE7C52BB-C06C-4138-A413-726719860F77}.Debug|ARM64.Deploy.0 = Debug|ARM64
		{AE7C52BB-C06C-4138-A413-726719860F77}.Debug|x64.ActiveCfg = Debug|x64
		{AE7C52BB-C06C-4138-A413-726719860F77}.Debug|x64.Build.0 = Debug|x64
		{AE7C52BB-C06C-4138-A413-726719860F77}.Debug|x64.Deploy.0 = Debug|x64
		{AE7C52BB-C06C-4138-A413-726719860F77}.Debug|x86.ActiveCfg = Debug|x86
		{AE7C52BB-C06C-4138-A413-726719860F77}.Debug|x86.Build.0 = Debug|x86
		{AE7C52BB-C06C-4138-A413-726719860F77}.Debug|x86.Deploy.0 = Debug|x86
		{AE7C52BB-C06C-4138-A413-726719860F77}.Release|Any CPU.ActiveCfg = Release|x64
		{AE7C52BB-C06C-4138-A413-726719860F77}.Release|Any CPU.Build.0 = Release|x64
		{AE7C52BB-C06C-4138-A413-726719860F77}.Release|Any CPU.Deploy.0 = Release|x64
		{AE7C52BB-C06C-4138-A413-726719860F77}.Release|ARM64.ActiveCfg = Release|ARM64
		{AE7C52BB-C06C-4138-A413-726719860F77}.Release|ARM64.Build.0 = Release|ARM64
		{AE7C52BB-C06C-4138-A413-726719860F77}.Release|ARM64.Deploy.0 = Release|ARM64
		{AE7C52BB-C06C-4138-A413-726719860F77}.Release|x64.ActiveCfg = Release|x64
		{AE7C52BB-C06C-4138-A413-726719860F77}.Release|x64.Build.0 = Release|x64
		{AE7C52BB-C06C-4138-A413-726719860F77}.Release|x64.Deploy.0 = Release|x64
		{AE7C52BB-C06C-4138-A413-726719860F77}.Release|x86.ActiveCfg = Release|x86
		{AE7C52BB-C06C-4138-A413-726719860F77}.Release|x86.Build.0 = Release|x86
		{AE7C52BB-C06C-4138-A413-726719860F77}.Release|x86.Deploy.0 = Release|x86
	EndGlobalSection
	GlobalSection(SolutionProperties) = preSolution
		HideSolutionNode = FALSE
	EndGlobalSection
	GlobalSection(ExtensibilityGlobals) = postSolution
		SolutionGuid = {4C5C893B-8AD8-45A4-ABE6-CCD96DE1F194}
	EndGlobalSection
EndGlobal
